
Microsoft Visual Studio Solution File, Format Version 12.00
# Visual Studio Version 17
VisualStudioVersion = 17.5.33414.496
MinimumVisualStudioVersion = 10.0.40219.1
Project("{FAE04EC0-301F-11D3-BF4B-00C04F79EFBC}") = "BANCO.ENTIDADES", "ENTIDADES\BANCO.ENTIDADES.csproj", "{E59DB0E4-A861-4D39-B11C-9BE6E3AAC7BF}"
EndProject
Project("{FAE04EC0-301F-11D3-BF4B-00C04F79EFBC}") = "BANCO.NEGOCIO", "BANCO.NEGOCIO\BANCO.NEGOCIO.csproj", "{80C92780-EE38-4A74-A2A0-AF8189FDEC8D}"
EndProject
Project("{FAE04EC0-301F-11D3-BF4B-00C04F79EFBC}") = "BANCO.DATOS", "BANCO.DATOS\BANCO.DATOS.csproj", "{62582814-3B31-4631-99C0-61B8A587F1B1}"
EndProject
Project("{FAE04EC0-301F-11D3-BF4B-00C04F79EFBC}") = "BANCO.PRESENTACIÓN", "BANCO.PRESENTACIÓN\BANCO.PRESENTACIÓN.csproj", "{518BF355-9827-40CE-964A-7980448A2A58}"
EndProject
Project("{2150E333-8FDC-42A3-9474-1A3956D46DE8}") = "NEGOCIO", "NEGOCIO", "{6638B9FA-3718-4B35-8208-F20703D980E6}"
EndProject
Project("{2150E333-8FDC-42A3-9474-1A3956D46DE8}") = "DATOS", "DATOS", "{6762DADD-8411-460E-9A85-AF204915BBD4}"
EndProject
Project("{2150E333-8FDC-42A3-9474-1A3956D46DE8}") = "PRESENTACIÓN", "PRESENTACIÓN", "{AF8AE4C9-52E9-4AAB-A6E0-341DC1AD30CB}"
EndProject
Global
	GlobalSection(SolutionConfigurationPlatforms) = preSolution
		Debug|Any CPU = Debug|Any CPU
		Release|Any CPU = Release|Any CPU
	EndGlobalSection
	GlobalSection(ProjectConfigurationPlatforms) = postSolution
		{E59DB0E4-A861-4D39-B11C-9BE6E3AAC7BF}.Debug|Any CPU.ActiveCfg = Debug|Any CPU
		{E59DB0E4-A861-4D39-B11C-9BE6E3AAC7BF}.Debug|Any CPU.Build.0 = Debug|Any CPU
		{E59DB0E4-A861-4D39-B11C-9BE6E3AAC7BF}.Release|Any CPU.ActiveCfg = Release|Any CPU
		{E59DB0E4-A861-4D39-B11C-9BE6E3AAC7BF}.Release|Any CPU.Build.0 = Release|Any CPU
		{80C92780-EE38-4A74-A2A0-AF8189FDEC8D}.Debug|Any CPU.ActiveCfg = Debug|Any CPU
		{80C92780-EE38-4A74-A2A0-AF8189FDEC8D}.Debug|Any CPU.Build.0 = Debug|Any CPU
		{80C92780-EE38-4A74-A2A0-AF8189FDEC8D}.Release|Any CPU.ActiveCfg = Release|Any CPU
		{80C92780-EE38-4A74-A2A0-AF8189FDEC8D}.Release|Any CPU.Build.0 = Release|Any CPU
		{62582814-3B31-4631-99C0-61B8A587F1B1}.Debug|Any CPU.ActiveCfg = Debug|Any CPU
		{62582814-3B31-4631-99C0-61B8A587F1B1}.Debug|Any CPU.Build.0 = Debug|Any CPU
		{62582814-3B31-4631-99C0-61B8A587F1B1}.Release|Any CPU.ActiveCfg = Release|Any CPU
		{62582814-3B31-4631-99C0-61B8A587F1B1}.Release|Any CPU.Build.0 = Release|Any CPU
		{518BF355-9827-40CE-964A-7980448A2A58}.Debug|Any CPU.ActiveCfg = Debug|Any CPU
		{518BF355-9827-40CE-964A-7980448A2A58}.Debug|Any CPU.Build.0 = Debug|Any CPU
		{518BF355-9827-40CE-964A-7980448A2A58}.Release|Any CPU.ActiveCfg = Release|Any CPU
		{518BF355-9827-40CE-964A-7980448A2A58}.Release|Any CPU.Build.0 = Release|Any CPU
	EndGlobalSection
	GlobalSection(SolutionProperties) = preSolution
		HideSolutionNode = FALSE
	EndGlobalSection
	GlobalSection(NestedProjects) = preSolution
		{E59DB0E4-A861-4D39-B11C-9BE6E3AAC7BF} = {6638B9FA-3718-4B35-8208-F20703D980E6}
		{80C92780-EE38-4A74-A2A0-AF8189FDEC8D} = {6638B9FA-3718-4B35-8208-F20703D980E6}
		{62582814-3B31-4631-99C0-61B8A587F1B1} = {6762DADD-8411-460E-9A85-AF204915BBD4}
		{518BF355-9827-40CE-964A-7980448A2A58} = {AF8AE4C9-52E9-4AAB-A6E0-341DC1AD30CB}
	EndGlobalSection
	GlobalSection(ExtensibilityGlobals) = postSolution
		SolutionGuid = {08D25224-22F0-4214-B1D2-0A864218E704}
	EndGlobalSection
EndGlobal
